{
  "name": "training-parser",
  "version": "1.0.0",
  "lockfileVersion": 3,
  "requires": true,
  "packages": {
    "": {
      "name": "training-parser",
      "version": "1.0.0",
      "dependencies": {
        "backlog.md": "^1.44.0"
      },
      "devDependencies": {
        "@playwright/test": "^1.40.0"
      }
    },
    "node_modules/@playwright/test": {
      "version": "1.63.0",
      "resolved": "https://registry.npmjs.org/@playwright/test/-/test-1.63.0.tgz",
      "integrity": "sha512-oxMK4vllB9RK5NQ2l1pq1IfOf2AvnEuj/vYGDj0H2nMtmtZpKtCwt/l00GEO6xjGfpBNAvjovvYdCm50dRQkpQ==",
      "dev": true,
      "license": "Apache-2.0",
      "dependencies": {
        "playwright": "1.63.0"
      },
      "bin": {
        "playwright": "cli.js"
      },
      "engines": {
        "node": ">=20"
      }
    },
    "node_modules/backlog.md": {
      "version": "1.44.0",
      "resolved": "https://registry.npmjs.org/backlog.md/-/backlog.md-1.44.0.tgz",
      "integrity": "sha512-O+97w/fQVf1RSMHwpgYUabmibCjMjVEq1piTnFf9SfUzlmXAMFmtTA3vMwfTg+tiPLnw1rhQ+hnGR2bOtsGlxA==",
      "license": "MIT",
      "bin": {
        "backlog": "cli.js"
      },
      "optionalDependencies": {
        "backlog.md-darwin-arm64": "1.44.0",
        "backlog.md-darwin-x64": "1.44.0",
        "backlog.md-linux-arm64": "1.44.0",
        "backlog.md-linux-x64": "1.44.0",
        "backlog.md-windows-x64": "1.44.0"
      }
    },
    "node_modules/backlog.md-darwin-arm64": {
      "version": "1.44.0",
      "resolved": "https://registry.npmjs.org/backlog.md-darwin-arm64/-/backlog.md-darwin-arm64-1.44.0.tgz",
      "integrity": "sha512-aa6pNxYuVVov3dVU/xoSkZrgVJcVMX4TxNMqPCFenqlu1QRXDeNxuV/Gu5Az0fnTqqDD3evg4sGkKOy7Oh7erA==",
      "cpu": [
        "arm64"
      ],
      "optional": true,
      "os": [
        "darwin"
      ]
    },
    "node_modules/backlog.md-darwin-x64": {
      "version": "1.44.0",
      "resolved": "https://registry.npmjs.org/backlog.md-darwin-x64/-/backlog.md-darwin-x64-1.44.0.tgz",
      "integrity": "sha512-DL4lpB7IU3QConQSOgM3yxruzl3QT9bB6gXn1UNKaGq0/fPGjvThhEmcATihVqpX5rqjsYP5wGReyAWv4nGfBw==",
      "cpu": [
        "x64"
      ],
      "optional": true,
      "os": [
        "darwin"
      ]
    },
    "node_modules/backlog.md-linux-arm64": {
      "version": "1.44.0",
      "resolved": "https://registry.npmjs.org/backlog.md-linux-arm64/-/backlog.md-linux-arm64-1.44.0.tgz",
      "integrity": "sha512-rxGiYcC2lCUEIB+9fmWAIIwycnkE2QW8sMqC4RTNZhR8AQ8V+ElBskuHcpyOkoWMnCgiPe/nAlBAu6pGpc/tOw==",
      "cpu": [
        "arm64"
      ],
      "optional": true,
      "os": [
        "linux"
      ]
    },
    "node_modules/backlog.md-linux-x64": {
      "version": "1.44.0",
      "resolved": "https://registry.npmjs.org/backlog.md-linux-x64/-/backlog.md-linux-x64-1.44.0.tgz",
      "integrity": "sha512-Ae4fKQx8X7/lFcCDiElz0J+sE8NdkBuWjyv+oxvnXvNmj5lYwrhDNqV5mUGbGFmr601uDwbpWH4uJb49bEuTGg==",
      "cpu": [
        "x64"
      ],
      "optional": true,
      "os": [
        "linux"
      ]
    },
    "node_modules/backlog.md-windows-x64": {
      "version": "1.44.0",
      "resolved": "https://registry.npmjs.org/backlog.md-windows-x64/-/backlog.md-windows-x64-1.44.0.tgz",
      "integrity": "sha512-b2hnX54XuK/hhqvUAKmdAIdD4PJP8OQAMFbKnjGQlT5aKcQa+12B5HOo0Yd5TxOLiNOM4zW+TS2Qu59A1mbE6A==",
      "cpu": [
        "x64"
      ],
      "optional": true,
      "os": [
        "win32"
      ]
    },
    "node_modules/playwright": {
      "version": "1.63.0",
      "resolved": "https://registry.npmjs.org/playwright/-/playwright-1.63.0.tgz",
      "integrity": "sha512-+7ziBLidS4NaNCdt57SUDT+wYmmd5fmiQejUic/kb+YsYSCPyOOE9sebzMjNmQrsnNpDJqd4WHvV/8lfKfUDUg==",
      "dev": true,
      "license": "Apache-2.0",
      "dependencies": {
        "playwright-core": "1.63.0"
      },
      "bin": {
        "playwright": "cli.js"
      },
      "engines": {
        "node": ">=20"
      }
    },
    "node_modules/playwright-core": {
      "version": "1.63.0",
      "resolved": "https://registry.npmjs.org/playwright-core/-/playwright-core-1.63.0.tgz",
      "integrity": "sha512-rYCsBF/M5HjUch52bbtVONEFjv6Xu8sm8h72dNlR5bzIE1fvC/bxgspzkjSfU+MweEMmPM8KJebG6nnyxo5mCg==",
      "dev": true,
      "license": "Apache-2.0",
      "bin": {
        "playwright-core": "cli.js"
      },
      "engines": {
        "node": ">=20"
      }
    }
  }
}
